
Microsoft Visual Studio Solution File, Format Version 12.00
# Visual Studio Version 16
VisualStudioVersion = 16.0.29806.167
MinimumVisualStudioVersion = 10.0.40219.1
Project("{2150E333-8FDC-42A3-9474-1A3956D46DE8}") = "RealtimeStock", "RealtimeStock", "{D269B2BE-7832-49F0-828C-8053795F8DD1}"
EndProject
Project("{9A19103F-16F7-4668-BE54-9A1E7A4F7556}") = "RealtimeStockApi", "RealtimeStockApi\RealtimeStockApi.csproj", "{3CD74684-0C09-42CD-BD79-54261D09327D}"
EndProject
Project("{9A19103F-16F7-4668-BE54-9A1E7A4F7556}") = "RealtimeStockEntityFramework", "RealtimeStockEntityFramework\RealtimeStockEntityFramework.csproj", "{D771DBA7-BF23-475B-BA54-A36BC4A24214}"
EndProject
Project("{9A19103F-16F7-4668-BE54-9A1E7A4F7556}") = "RealtimeStockCommandService", "RealtimeStockCommandService\RealtimeStockCommandService.csproj", "{6B53C720-D01F-49BD-AFEB-5B218043B4DA}"
EndProject
Project("{9A19103F-16F7-4668-BE54-9A1E7A4F7556}") = "Common", "Common\Common.csproj", "{5AFB44EF-74C3-4626-BCF9-82F45B8E83A4}"
EndProject
Project("{9A19103F-16F7-4668-BE54-9A1E7A4F7556}") = "RealtimeStockIngestion", "RealtimeStockIngestion\RealtimeStockIngestion.csproj", "{C4DB4239-6656-4223-849A-FE3B3F3B3400}"
EndProject
Project("{2150E333-8FDC-42A3-9474-1A3956D46DE8}") = "Companies", "Companies", "{3F1E479E-B4EE-45A0-A1C2-820A81421892}"
EndProject
Project("{9A19103F-16F7-4668-BE54-9A1E7A4F7556}") = "CompaniesIngestionWorker", "CompaniesIngestionWorker\CompaniesIngestionWorker.csproj", "{763C9511-6409-47BD-9EA4-141CADC5EE3C}"
EndProject
Project("{9A19103F-16F7-4668-BE54-9A1E7A4F7556}") = "CompaniesApi", "CompaniesApi\CompaniesApi.csproj", "{30172561-AD14-4FD3-8BE8-592ADA005B32}"
EndProject
Project("{9A19103F-16F7-4668-BE54-9A1E7A4F7556}") = "CompaniesEntityFramework", "CompaniesEntityFramework\CompaniesEntityFramework.csproj", "{E090BAC7-B7DB-4489-82E3-B01CA201A77C}"
EndProject
Project("{9A19103F-16F7-4668-BE54-9A1E7A4F7556}") = "CompaniesQueryService", "CompaniesQueryService\CompaniesQueryService.csproj", "{E587D72E-4845-4F3C-9C69-15483FF7FD3A}"
EndProject
Project("{9A19103F-16F7-4668-BE54-9A1E7A4F7556}") = "CompaniesQueryService.Test", "CompaniesQueryService.Test\CompaniesQueryService.Test.csproj", "{0A4BE869-0902-4586-B4AC-F9C281DAD952}"
EndProject
Project("{FAE04EC0-301F-11D3-BF4B-00C04F79EFBC}") = "CompaniesEntityFramework.Test", "CompaniesEntityFramework.Test\CompaniesEntityFramework.Test.csproj", "{40495894-6CDF-4E4B-8E70-13C39B452E9F}"
EndProject
Global
	GlobalSection(SolutionConfigurationPlatforms) = preSolution
		Debug|Any CPU = Debug|Any CPU
		Release|Any CPU = Release|Any CPU
	EndGlobalSection
	GlobalSection(ProjectConfigurationPlatforms) = postSolution
		{3CD74684-0C09-42CD-BD79-54261D09327D}.Debug|Any CPU.ActiveCfg = Debug|Any CPU
		{3CD74684-0C09-42CD-BD79-54261D09327D}.Debug|Any CPU.Build.0 = Debug|Any CPU
		{3CD74684-0C09-42CD-BD79-54261D09327D}.Release|Any CPU.ActiveCfg = Release|Any CPU
		{3CD74684-0C09-42CD-BD79-54261D09327D}.Release|Any CPU.Build.0 = Release|Any CPU
		{D771DBA7-BF23-475B-BA54-A36BC4A24214}.Debug|Any CPU.ActiveCfg = Debug|Any CPU
		{D771DBA7-BF23-475B-BA54-A36BC4A24214}.Debug|Any CPU.Build.0 = Debug|Any CPU
		{D771DBA7-BF23-475B-BA54-A36BC4A24214}.Release|Any CPU.ActiveCfg = Release|Any CPU
		{D771DBA7-BF23-475B-BA54-A36BC4A24214}.Release|Any CPU.Build.0 = Release|Any CPU
		{6B53C720-D01F-49BD-AFEB-5B218043B4DA}.Debug|Any CPU.ActiveCfg = Debug|Any CPU
		{6B53C720-D01F-49BD-AFEB-5B218043B4DA}.Debug|Any CPU.Build.0 = Debug|Any CPU
		{6B53C720-D01F-49BD-AFEB-5B218043B4DA}.Release|Any CPU.ActiveCfg = Release|Any CPU
		{6B53C720-D01F-49BD-AFEB-5B218043B4DA}.Release|Any CPU.Build.0 = Release|Any CPU
		{5AFB44EF-74C3-4626-BCF9-82F45B8E83A4}.Debug|Any CPU.ActiveCfg = Debug|Any CPU
		{5AFB44EF-74C3-4626-BCF9-82F45B8E83A4}.Debug|Any CPU.Build.0 = Debug|Any CPU
		{5AFB44EF-74C3-4626-BCF9-82F45B8E83A4}.Release|Any CPU.ActiveCfg = Release|Any CPU
		{5AFB44EF-74C3-4626-BCF9-82F45B8E83A4}.Release|Any CPU.Build.0 = Release|Any CPU
		{C4DB4239-6656-4223-849A-FE3B3F3B3400}.Debug|Any CPU.ActiveCfg = Debug|Any CPU
		{C4DB4239-6656-4223-849A-FE3B3F3B3400}.Debug|Any CPU.Build.0 = Debug|Any CPU
		{C4DB4239-6656-4223-849A-FE3B3F3B3400}.Release|Any CPU.ActiveCfg = Release|Any CPU
		{C4DB4239-6656-4223-849A-FE3B3F3B3400}.Release|Any CPU.Build.0 = Release|Any CPU
		{763C9511-6409-47BD-9EA4-141CADC5EE3C}.Debug|Any CPU.ActiveCfg = Debug|Any CPU
		{763C9511-6409-47BD-9EA4-141CADC5EE3C}.Debug|Any CPU.Build.0 = Debug|Any CPU
		{763C9511-6409-47BD-9EA4-141CADC5EE3C}.Release|Any CPU.ActiveCfg = Release|Any CPU
		{763C9511-6409-47BD-9EA4-141CADC5EE3C}.Release|Any CPU.Build.0 = Release|Any CPU
		{30172561-AD14-4FD3-8BE8-592ADA005B32}.Debug|Any CPU.ActiveCfg = Debug|Any CPU
		{30172561-AD14-4FD3-8BE8-592ADA005B32}.Debug|Any CPU.Build.0 = Debug|Any CPU
		{30172561-AD14-4FD3-8BE8-592ADA005B32}.Release|Any CPU.ActiveCfg = Release|Any CPU
		{30172561-AD14-4FD3-8BE8-592ADA005B32}.Release|Any CPU.Build.0 = Release|Any CPU
		{E090BAC7-B7DB-4489-82E3-B01CA201A77C}.Debug|Any CPU.ActiveCfg = Debug|Any CPU
		{E090BAC7-B7DB-4489-82E3-B01CA201A77C}.Debug|Any CPU.Build.0 = Debug|Any CPU
		{E090BAC7-B7DB-4489-82E3-B01CA201A77C}.Release|Any CPU.ActiveCfg = Release|Any CPU
		{E090BAC7-B7DB-4489-82E3-B01CA201A77C}.Release|Any CPU.Build.0 = Release|Any CPU
		{E587D72E-4845-4F3C-9C69-15483FF7FD3A}.Debug|Any CPU.ActiveCfg = Debug|Any CPU
		{E587D72E-4845-4F3C-9C69-15483FF7FD3A}.Debug|Any CPU.Build.0 = Debug|Any CPU
		{E587D72E-4845-4F3C-9C69-15483FF7FD3A}.Release|Any CPU.ActiveCfg = Release|Any CPU
		{E587D72E-4845-4F3C-9C69-15483FF7FD3A}.Release|Any CPU.Build.0 = Release|Any CPU
		{0A4BE869-0902-4586-B4AC-F9C281DAD952}.Debug|Any CPU.ActiveCfg = Debug|Any CPU
		{0A4BE869-0902-4586-B4AC-F9C281DAD952}.Debug|Any CPU.Build.0 = Debug|Any CPU
		{0A4BE869-0902-4586-B4AC-F9C281DAD952}.Release|Any CPU.ActiveCfg = Release|Any CPU
		{0A4BE869-0902-4586-B4AC-F9C281DAD952}.Release|Any CPU.Build.0 = Release|Any CPU
		{40495894-6CDF-4E4B-8E70-13C39B452E9F}.Debug|Any CPU.ActiveCfg = Debug|Any CPU
		{40495894-6CDF-4E4B-8E70-13C39B452E9F}.Debug|Any CPU.Build.0 = Debug|Any CPU
		{40495894-6CDF-4E4B-8E70-13C39B452E9F}.Release|Any CPU.ActiveCfg = Release|Any CPU
		{40495894-6CDF-4E4B-8E70-13C39B452E9F}.Release|Any CPU.Build.0 = Release|Any CPU
	EndGlobalSection
	GlobalSection(SolutionProperties) = preSolution
		HideSolutionNode = FALSE
	EndGlobalSection
	GlobalSection(NestedProjects) = preSolution
		{3CD74684-0C09-42CD-BD79-54261D09327D} = {D269B2BE-7832-49F0-828C-8053795F8DD1}
		{D771DBA7-BF23-475B-BA54-A36BC4A24214} = {D269B2BE-7832-49F0-828C-8053795F8DD1}
		{6B53C720-D01F-49BD-AFEB-5B218043B4DA} = {D269B2BE-7832-49F0-828C-8053795F8DD1}
		{C4DB4239-6656-4223-849A-FE3B3F3B3400} = {D269B2BE-7832-49F0-828C-8053795F8DD1}
		{763C9511-6409-47BD-9EA4-141CADC5EE3C} = {3F1E479E-B4EE-45A0-A1C2-820A81421892}
		{30172561-AD14-4FD3-8BE8-592ADA005B32} = {3F1E479E-B4EE-45A0-A1C2-820A81421892}
		{E090BAC7-B7DB-4489-82E3-B01CA201A77C} = {3F1E479E-B4EE-45A0-A1C2-820A81421892}
		{E587D72E-4845-4F3C-9C69-15483FF7FD3A} = {3F1E479E-B4EE-45A0-A1C2-820A81421892}
		{0A4BE869-0902-4586-B4AC-F9C281DAD952} = {3F1E479E-B4EE-45A0-A1C2-820A81421892}
		{40495894-6CDF-4E4B-8E70-13C39B452E9F} = {3F1E479E-B4EE-45A0-A1C2-820A81421892}
	EndGlobalSection
	GlobalSection(ExtensibilityGlobals) = postSolution
		SolutionGuid = {162E85F6-3717-44FE-A349-BAACE159D2AF}
	EndGlobalSection
EndGlobal
