
Microsoft Visual Studio Solution File, Format Version 12.00
# Visual Studio Version 16
VisualStudioVersion = 16.0.29806.167
MinimumVisualStudioVersion = 10.0.40219.1
Project("{2150E333-8FDC-42A3-9474-1A3956D46DE8}") = "RealtimeStock", "RealtimeStock", "{D269B2BE-7832-49F0-828C-8053795F8DD1}"
EndProject
Project("{9A19103F-16F7-4668-BE54-9A1E7A4F7556}") = "RealtimeStockApi", "RealtimeStockApi\RealtimeStockApi.csproj", "{3CD74684-0C09-42CD-BD79-54261D09327D}"
EndProject
Project("{9A19103F-16F7-4668-BE54-9A1E7A4F7556}") = "RealtimeStockEntityFramework", "RealtimeStockEntityFramework\RealtimeStockEntityFramework.csproj", "{D771DBA7-BF23-475B-BA54-A36BC4A24214}"
EndProject
Project("{9A19103F-16F7-4668-BE54-9A1E7A4F7556}") = "RealtimeStockCommandService", "RealtimeStockCommandService\RealtimeStockCommandService.csproj", "{6B53C720-D01F-49BD-AFEB-5B218043B4DA}"
EndProject
Project("{9A19103F-16F7-4668-BE54-9A1E7A4F7556}") = "Common", "Common\Common.csproj", "{5AFB44EF-74C3-4626-BCF9-82F45B8E83A4}"
EndProject
Project("{9A19103F-16F7-4668-BE54-9A1E7A4F7556}") = "RealtimeStockIngestion", "RealtimeStockIngestion\RealtimeStockIngestion.csproj", "{C4DB4239-6656-4223-849A-FE3B3F3B3400}"
EndProject
Project("{2150E333-8FDC-42A3-9474-1A3956D46DE8}") = "Companies", "Companies", "{3F1E479E-B4EE-45A0-A1C2-820A81421892}"
EndProject
Project("{9A19103F-16F7-4668-BE54-9A1E7A4F7556}") = "CompaniesIngestionWorker", "CompaniesIngestionWorker\CompaniesIngestionWorker.csproj", "{763C9511-6409-47BD-9EA4-141CADC5EE3C}"
EndProject
Project("{9A19103F-16F7-4668-BE54-9A1E7A4F7556}") = "CompaniesApi", "CompaniesApi\CompaniesApi.csproj", "{30172561-AD14-4FD3-8BE8-592ADA005B32}"
EndProject
Project("{9A19103F-16F7-4668-BE54-9A1E7A4F7556}") = "CompaniesEntityFramework", "CompaniesEntityFramework\CompaniesEntityFramework.csproj", "{E090BAC7-B7DB-4489-82E3-B01CA201A77C}"
EndProject
Project("{9A19103F-16F7-4668-BE54-9A1E7A4F7556}") = "CompaniesQueryService", "CompaniesQueryService\CompaniesQueryService.csproj", "{E587D72E-4845-4F3C-9C69-15483FF7FD3A}"
EndProject
Project("{9A19103F-16F7-4668-BE54-9A1E7A4F7556}") = "CompaniesQueryService.Test", "CompaniesQueryService.Test\CompaniesQueryService.Test.csproj", "{0A4BE869-0902-4586-B4AC-F9C281DAD952}"
EndProject
Project("{9A19103F-16F7-4668-BE54-9A1E7A4F7556}") = "CompaniesEntityFramework.Test", "CompaniesEntityFramework.Test\CompaniesEntityFramework.Test.csproj", "{40495894-6CDF-4E4B-8E70-13C39B452E9F}"
EndProject
Project("{9A19103F-16F7-4668-BE54-9A1E7A4F7556}") = "RealtimeStockQueryService", "RealtimeStockQueryService\RealtimeStockQueryService.csproj", "{8F36323C-870E-4124-8449-AA0C252ABB0A}"
EndProject
Project("{9A19103F-16F7-4668-BE54-9A1E7A4F7556}") = "RealtimeStockQueryService.Test", "RealtimeStockQueryService.Test\RealtimeStockQueryService.Test.csproj", "{B82AF660-F18E-43B3-88A8-0CCEBFFEA392}"
EndProject
Project("{9A19103F-16F7-4668-BE54-9A1E7A4F7556}") = "RealtimeStockEntityFramework.Test", "RealtimeStockEntityFramework.Test\RealtimeStockEntityFramework.Test.csproj", "{02D5F06C-B454-4BE8-BE8E-D3F0A51DCB0E}"
EndProject
Project("{2150E333-8FDC-42A3-9474-1A3956D46DE8}") = "HistoricalStock", "HistoricalStock", "{C3BC93A9-ABCF-40BF-A1FD-1E406F483503}"
EndProject
Project("{9A19103F-16F7-4668-BE54-9A1E7A4F7556}") = "HistoricalStockIngestionService", "HistoricalStockIngestionService\HistoricalStockIngestionService.csproj", "{279FCDF9-4F79-4353-B0B8-1EAFF79C22BD}"
EndProject
Project("{9A19103F-16F7-4668-BE54-9A1E7A4F7556}") = "HistoricalStockApi", "HistoricalStockApi\HistoricalStockApi.csproj", "{6059D74B-FDD6-4E3B-B3DC-1EE929311B2D}"
EndProject
Project("{9A19103F-16F7-4668-BE54-9A1E7A4F7556}") = "HistoricalStockEntityFramework", "HistoricalStockEntityFramework\HistoricalStockEntityFramework.csproj", "{20567681-4D0B-4E0B-844C-75EC3D194C63}"
EndProject
Project("{9A19103F-16F7-4668-BE54-9A1E7A4F7556}") = "HistoricalStockQueryService", "HistoricalStockQueryService\HistoricalStockQueryService.csproj", "{726683D0-B80F-4BCB-ABCD-3911F6023EAD}"
EndProject
Project("{FAE04EC0-301F-11D3-BF4B-00C04F79EFBC}") = "HistoricalStockQueryService.Test", "HistoricalStockQueryService.Test\HistoricalStockQueryService.Test.csproj", "{74604177-2830-42EC-9B75-892457A8CECE}"
EndProject
Project("{FAE04EC0-301F-11D3-BF4B-00C04F79EFBC}") = "HistoricalStockEntityFramework.Test", "HistoricalStockEntityFramework.Test\HistoricalStockEntityFramework.Test.csproj", "{A8C94780-386D-4236-BA35-49E1BB6FD39F}"
EndProject
Global
	GlobalSection(SolutionConfigurationPlatforms) = preSolution
		Debug|Any CPU = Debug|Any CPU
		Release|Any CPU = Release|Any CPU
	EndGlobalSection
	GlobalSection(ProjectConfigurationPlatforms) = postSolution
		{3CD74684-0C09-42CD-BD79-54261D09327D}.Debug|Any CPU.ActiveCfg = Debug|Any CPU
		{3CD74684-0C09-42CD-BD79-54261D09327D}.Debug|Any CPU.Build.0 = Debug|Any CPU
		{3CD74684-0C09-42CD-BD79-54261D09327D}.Release|Any CPU.ActiveCfg = Release|Any CPU
		{3CD74684-0C09-42CD-BD79-54261D09327D}.Release|Any CPU.Build.0 = Release|Any CPU
		{D771DBA7-BF23-475B-BA54-A36BC4A24214}.Debug|Any CPU.ActiveCfg = Debug|Any CPU
		{D771DBA7-BF23-475B-BA54-A36BC4A24214}.Debug|Any CPU.Build.0 = Debug|Any CPU
		{D771DBA7-BF23-475B-BA54-A36BC4A24214}.Release|Any CPU.ActiveCfg = Release|Any CPU
		{D771DBA7-BF23-475B-BA54-A36BC4A24214}.Release|Any CPU.Build.0 = Release|Any CPU
		{6B53C720-D01F-49BD-AFEB-5B218043B4DA}.Debug|Any CPU.ActiveCfg = Debug|Any CPU
		{6B53C720-D01F-49BD-AFEB-5B218043B4DA}.Debug|Any CPU.Build.0 = Debug|Any CPU
		{6B53C720-D01F-49BD-AFEB-5B218043B4DA}.Release|Any CPU.ActiveCfg = Release|Any CPU
		{6B53C720-D01F-49BD-AFEB-5B218043B4DA}.Release|Any CPU.Build.0 = Release|Any CPU
		{5AFB44EF-74C3-4626-BCF9-82F45B8E83A4}.Debug|Any CPU.ActiveCfg = Debug|Any CPU
		{5AFB44EF-74C3-4626-BCF9-82F45B8E83A4}.Debug|Any CPU.Build.0 = Debug|Any CPU
		{5AFB44EF-74C3-4626-BCF9-82F45B8E83A4}.Release|Any CPU.ActiveCfg = Release|Any CPU
		{5AFB44EF-74C3-4626-BCF9-82F45B8E83A4}.Release|Any CPU.Build.0 = Release|Any CPU
		{C4DB4239-6656-4223-849A-FE3B3F3B3400}.Debug|Any CPU.ActiveCfg = Debug|Any CPU
		{C4DB4239-6656-4223-849A-FE3B3F3B3400}.Debug|Any CPU.Build.0 = Debug|Any CPU
		{C4DB4239-6656-4223-849A-FE3B3F3B3400}.Release|Any CPU.ActiveCfg = Release|Any CPU
		{C4DB4239-6656-4223-849A-FE3B3F3B3400}.Release|Any CPU.Build.0 = Release|Any CPU
		{763C9511-6409-47BD-9EA4-141CADC5EE3C}.Debug|Any CPU.ActiveCfg = Debug|Any CPU
		{763C9511-6409-47BD-9EA4-141CADC5EE3C}.Debug|Any CPU.Build.0 = Debug|Any CPU
		{763C9511-6409-47BD-9EA4-141CADC5EE3C}.Release|Any CPU.ActiveCfg = Release|Any CPU
		{763C9511-6409-47BD-9EA4-141CADC5EE3C}.Release|Any CPU.Build.0 = Release|Any CPU
		{30172561-AD14-4FD3-8BE8-592ADA005B32}.Debug|Any CPU.ActiveCfg = Debug|Any CPU
		{30172561-AD14-4FD3-8BE8-592ADA005B32}.Debug|Any CPU.Build.0 = Debug|Any CPU
		{30172561-AD14-4FD3-8BE8-592ADA005B32}.Release|Any CPU.ActiveCfg = Release|Any CPU
		{30172561-AD14-4FD3-8BE8-592ADA005B32}.Release|Any CPU.Build.0 = Release|Any CPU
		{E090BAC7-B7DB-4489-82E3-B01CA201A77C}.Debug|Any CPU.ActiveCfg = Debug|Any CPU
		{E090BAC7-B7DB-4489-82E3-B01CA201A77C}.Debug|Any CPU.Build.0 = Debug|Any CPU
		{E090BAC7-B7DB-4489-82E3-B01CA201A77C}.Release|Any CPU.ActiveCfg = Release|Any CPU
		{E090BAC7-B7DB-4489-82E3-B01CA201A77C}.Release|Any CPU.Build.0 = Release|Any CPU
		{E587D72E-4845-4F3C-9C69-15483FF7FD3A}.Debug|Any CPU.ActiveCfg = Debug|Any CPU
		{E587D72E-4845-4F3C-9C69-15483FF7FD3A}.Debug|Any CPU.Build.0 = Debug|Any CPU
		{E587D72E-4845-4F3C-9C69-15483FF7FD3A}.Release|Any CPU.ActiveCfg = Release|Any CPU
		{E587D72E-4845-4F3C-9C69-15483FF7FD3A}.Release|Any CPU.Build.0 = Release|Any CPU
		{0A4BE869-0902-4586-B4AC-F9C281DAD952}.Debug|Any CPU.ActiveCfg = Debug|Any CPU
		{0A4BE869-0902-4586-B4AC-F9C281DAD952}.Debug|Any CPU.Build.0 = Debug|Any CPU
		{0A4BE869-0902-4586-B4AC-F9C281DAD952}.Release|Any CPU.ActiveCfg = Release|Any CPU
		{0A4BE869-0902-4586-B4AC-F9C281DAD952}.Release|Any CPU.Build.0 = Release|Any CPU
		{40495894-6CDF-4E4B-8E70-13C39B452E9F}.Debug|Any CPU.ActiveCfg = Debug|Any CPU
		{40495894-6CDF-4E4B-8E70-13C39B452E9F}.Debug|Any CPU.Build.0 = Debug|Any CPU
		{40495894-6CDF-4E4B-8E70-13C39B452E9F}.Release|Any CPU.ActiveCfg = Release|Any CPU
		{40495894-6CDF-4E4B-8E70-13C39B452E9F}.Release|Any CPU.Build.0 = Release|Any CPU
		{8F36323C-870E-4124-8449-AA0C252ABB0A}.Debug|Any CPU.ActiveCfg = Debug|Any CPU
		{8F36323C-870E-4124-8449-AA0C252ABB0A}.Debug|Any CPU.Build.0 = Debug|Any CPU
		{8F36323C-870E-4124-8449-AA0C252ABB0A}.Release|Any CPU.ActiveCfg = Release|Any CPU
		{8F36323C-870E-4124-8449-AA0C252ABB0A}.Release|Any CPU.Build.0 = Release|Any CPU
		{B82AF660-F18E-43B3-88A8-0CCEBFFEA392}.Debug|Any CPU.ActiveCfg = Debug|Any CPU
		{B82AF660-F18E-43B3-88A8-0CCEBFFEA392}.Debug|Any CPU.Build.0 = Debug|Any CPU
		{B82AF660-F18E-43B3-88A8-0CCEBFFEA392}.Release|Any CPU.ActiveCfg = Release|Any CPU
		{B82AF660-F18E-43B3-88A8-0CCEBFFEA392}.Release|Any CPU.Build.0 = Release|Any CPU
		{02D5F06C-B454-4BE8-BE8E-D3F0A51DCB0E}.Debug|Any CPU.ActiveCfg = Debug|Any CPU
		{02D5F06C-B454-4BE8-BE8E-D3F0A51DCB0E}.Debug|Any CPU.Build.0 = Debug|Any CPU
		{02D5F06C-B454-4BE8-BE8E-D3F0A51DCB0E}.Release|Any CPU.ActiveCfg = Release|Any CPU
		{02D5F06C-B454-4BE8-BE8E-D3F0A51DCB0E}.Release|Any CPU.Build.0 = Release|Any CPU
		{279FCDF9-4F79-4353-B0B8-1EAFF79C22BD}.Debug|Any CPU.ActiveCfg = Debug|Any CPU
		{279FCDF9-4F79-4353-B0B8-1EAFF79C22BD}.Debug|Any CPU.Build.0 = Debug|Any CPU
		{279FCDF9-4F79-4353-B0B8-1EAFF79C22BD}.Release|Any CPU.ActiveCfg = Release|Any CPU
		{279FCDF9-4F79-4353-B0B8-1EAFF79C22BD}.Release|Any CPU.Build.0 = Release|Any CPU
		{6059D74B-FDD6-4E3B-B3DC-1EE929311B2D}.Debug|Any CPU.ActiveCfg = Debug|Any CPU
		{6059D74B-FDD6-4E3B-B3DC-1EE929311B2D}.Debug|Any CPU.Build.0 = Debug|Any CPU
		{6059D74B-FDD6-4E3B-B3DC-1EE929311B2D}.Release|Any CPU.ActiveCfg = Release|Any CPU
		{6059D74B-FDD6-4E3B-B3DC-1EE929311B2D}.Release|Any CPU.Build.0 = Release|Any CPU
		{20567681-4D0B-4E0B-844C-75EC3D194C63}.Debug|Any CPU.ActiveCfg = Debug|Any CPU
		{20567681-4D0B-4E0B-844C-75EC3D194C63}.Debug|Any CPU.Build.0 = Debug|Any CPU
		{20567681-4D0B-4E0B-844C-75EC3D194C63}.Release|Any CPU.ActiveCfg = Release|Any CPU
		{20567681-4D0B-4E0B-844C-75EC3D194C63}.Release|Any CPU.Build.0 = Release|Any CPU
		{726683D0-B80F-4BCB-ABCD-3911F6023EAD}.Debug|Any CPU.ActiveCfg = Debug|Any CPU
		{726683D0-B80F-4BCB-ABCD-3911F6023EAD}.Debug|Any CPU.Build.0 = Debug|Any CPU
		{726683D0-B80F-4BCB-ABCD-3911F6023EAD}.Release|Any CPU.ActiveCfg = Release|Any CPU
		{726683D0-B80F-4BCB-ABCD-3911F6023EAD}.Release|Any CPU.Build.0 = Release|Any CPU
		{74604177-2830-42EC-9B75-892457A8CECE}.Debug|Any CPU.ActiveCfg = Debug|Any CPU
		{74604177-2830-42EC-9B75-892457A8CECE}.Debug|Any CPU.Build.0 = Debug|Any CPU
		{74604177-2830-42EC-9B75-892457A8CECE}.Release|Any CPU.ActiveCfg = Release|Any CPU
		{74604177-2830-42EC-9B75-892457A8CECE}.Release|Any CPU.Build.0 = Release|Any CPU
		{A8C94780-386D-4236-BA35-49E1BB6FD39F}.Debug|Any CPU.ActiveCfg = Debug|Any CPU
		{A8C94780-386D-4236-BA35-49E1BB6FD39F}.Debug|Any CPU.Build.0 = Debug|Any CPU
		{A8C94780-386D-4236-BA35-49E1BB6FD39F}.Release|Any CPU.ActiveCfg = Release|Any CPU
		{A8C94780-386D-4236-BA35-49E1BB6FD39F}.Release|Any CPU.Build.0 = Release|Any CPU
	EndGlobalSection
	GlobalSection(SolutionProperties) = preSolution
		HideSolutionNode = FALSE
	EndGlobalSection
	GlobalSection(NestedProjects) = preSolution
		{3CD74684-0C09-42CD-BD79-54261D09327D} = {D269B2BE-7832-49F0-828C-8053795F8DD1}
		{D771DBA7-BF23-475B-BA54-A36BC4A24214} = {D269B2BE-7832-49F0-828C-8053795F8DD1}
		{6B53C720-D01F-49BD-AFEB-5B218043B4DA} = {D269B2BE-7832-49F0-828C-8053795F8DD1}
		{C4DB4239-6656-4223-849A-FE3B3F3B3400} = {D269B2BE-7832-49F0-828C-8053795F8DD1}
		{763C9511-6409-47BD-9EA4-141CADC5EE3C} = {3F1E479E-B4EE-45A0-A1C2-820A81421892}
		{30172561-AD14-4FD3-8BE8-592ADA005B32} = {3F1E479E-B4EE-45A0-A1C2-820A81421892}
		{E090BAC7-B7DB-4489-82E3-B01CA201A77C} = {3F1E479E-B4EE-45A0-A1C2-820A81421892}
		{E587D72E-4845-4F3C-9C69-15483FF7FD3A} = {3F1E479E-B4EE-45A0-A1C2-820A81421892}
		{0A4BE869-0902-4586-B4AC-F9C281DAD952} = {3F1E479E-B4EE-45A0-A1C2-820A81421892}
		{40495894-6CDF-4E4B-8E70-13C39B452E9F} = {3F1E479E-B4EE-45A0-A1C2-820A81421892}
		{8F36323C-870E-4124-8449-AA0C252ABB0A} = {D269B2BE-7832-49F0-828C-8053795F8DD1}
		{B82AF660-F18E-43B3-88A8-0CCEBFFEA392} = {D269B2BE-7832-49F0-828C-8053795F8DD1}
		{02D5F06C-B454-4BE8-BE8E-D3F0A51DCB0E} = {D269B2BE-7832-49F0-828C-8053795F8DD1}
		{279FCDF9-4F79-4353-B0B8-1EAFF79C22BD} = {C3BC93A9-ABCF-40BF-A1FD-1E406F483503}
		{6059D74B-FDD6-4E3B-B3DC-1EE929311B2D} = {C3BC93A9-ABCF-40BF-A1FD-1E406F483503}
		{20567681-4D0B-4E0B-844C-75EC3D194C63} = {C3BC93A9-ABCF-40BF-A1FD-1E406F483503}
		{726683D0-B80F-4BCB-ABCD-3911F6023EAD} = {C3BC93A9-ABCF-40BF-A1FD-1E406F483503}
		{74604177-2830-42EC-9B75-892457A8CECE} = {C3BC93A9-ABCF-40BF-A1FD-1E406F483503}
		{A8C94780-386D-4236-BA35-49E1BB6FD39F} = {C3BC93A9-ABCF-40BF-A1FD-1E406F483503}
	EndGlobalSection
	GlobalSection(ExtensibilityGlobals) = postSolution
		SolutionGuid = {162E85F6-3717-44FE-A349-BAACE159D2AF}
	EndGlobalSection
EndGlobal
